
Microsoft Visual Studio Solution File, Format Version 12.00
# Visual Studio Version 17
VisualStudioVersion = 17.11.35219.272
MinimumVisualStudioVersion = 10.0.40219.1
Project("{FAE04EC0-301F-11D3-BF4B-00C04F79EFBC}") = "CatsApplication18", "CatsApplication18\CatsApplication18.csproj", "{10471BF2-75BF-4FBF-BA66-3D0F9064A9AB}"
EndProject
Global
	GlobalSection(SolutionConfigurationPlatforms) = preSolution
		Debug|Any CPU = Debug|Any CPU
		Release|Any CPU = Release|Any CPU
	EndGlobalSection
	GlobalSection(ProjectConfigurationPlatforms) = postSolution
		{10471BF2-75BF-4FBF-BA66-3D0F9064A9AB}.Debug|Any CPU.ActiveCfg = Debug|Any CPU
		{10471BF2-75BF-4FBF-BA66-3D0F9064A9AB}.Debug|Any CPU.Build.0 = Debug|Any CPU
		{10471BF2-75BF-4FBF-BA66-3D0F9064A9AB}.Release|Any CPU.ActiveCfg = Release|Any CPU
		{10471BF2-75BF-4FBF-BA66-3D0F9064A9AB}.Release|Any CPU.Build.0 = Release|Any CPU
	EndGlobalSection
	GlobalSection(SolutionProperties) = preSolution
		HideSolutionNode = FALSE
	EndGlobalSection
	GlobalSection(ExtensibilityGlobals) = postSolution
		SolutionGuid = {9EA52ED0-98EB-44A6-94FE-F7B86E97B187}
	EndGlobalSection
EndGlobal
